// !$*UTF8*$!
{
	archiveVersion = 1;
	classes = {
	};
	objectVersion = 46;
	objects = {

/* Begin PBXBuildFile section */
		7A20D7021C451D9400304B49 /* AppDelegate.swift in Sources */ = {isa = PBXBuildFile; fileRef = 7A20D7011C451D9400304B49 /* AppDelegate.swift */; };
		7A20D7041C451D9400304B49 /* ViewController.swift in Sources */ = {isa = PBXBuildFile; fileRef = 7A20D7031C451D9400304B49 /* ViewController.swift */; };
		7A20D7071C451D9400304B49 /* Main.storyboard in Resources */ = {isa = PBXBuildFile; fileRef = 7A20D7051C451D9400304B49 /* Main.storyboard */; };
		7A20D7091C451D9400304B49 /* Assets.xcassets in Resources */ = {isa = PBXBuildFile; fileRef = 7A20D7081C451D9400304B49 /* Assets.xcassets */; };
		7A20D70C1C451D9400304B49 /* LaunchScreen.storyboard in Resources */ = {isa = PBXBuildFile; fileRef = 7A20D70A1C451D9400304B49 /* LaunchScreen.storyboard */; };
/* End PBXBuildFile section */

/* Begin PBXFileReference section */
		7A20D6FE1C451D9400304B49 /* testMastermind.app */ = {isa = PBXFileReference; explicitFileType = wrapper.application; includeInIndex = 0; path = testMastermind.app; sourceTree = BUILT_PRODUCTS_DIR; };
		7A20D7011C451D9400304B49 /* AppDelegate.swift */ = {isa = PBXFileReference; lastKnownFileType = sourcecode.swift; path = AppDelegate.swift; sourceTree = "<group>"; };
		7A20D7031C451D9400304B49 /* ViewController.swift */ = {isa = PBXFileReference; lastKnownFileType = sourcecode.swift; path = ViewController.swift; sourceTree = "<group>"; };
		7A20D7061C451D9400304B49 /* Base */ = {isa = PBXFileReference; lastKnownFileType = file.storyboard; name = Base; path = Base.lproj/Main.storyboard; sourceTree = "<group>"; };
		7A20D7081C451D9400304B49 /* Assets.xcassets */ = {isa = PBXFileReference; lastKnownFileType = folder.assetcatalog; path = Assets.xcassets; sourceTree = "<group>"; };
		7A20D70B1C451D9400304B49 /* Base */ = {isa = PBXFileReference; lastKnownFileType = file.storyboard; name = Base; path = Base.lproj/LaunchScreen.storyboard; sourceTree = "<group>"; };
		7A20D70D1C451D9400304B49 /* Info.plist */ = {isa = PBXFileReference; lastKnownFileType = text.plist.xml; path = Info.plist; sourceTree = "<group>"; };
/* End PBXFileReference section */

/* Begin PBXFrameworksBuildPhase section */
		7A20D6FB1C451D9400304B49 /* Frameworks */ = {
			isa = PBXFrameworksBuildPhase;
			buildActionMask = 2147483647;
			files = (
			);
			runOnlyForDeploymentPostprocessing = 0;
		};
/* End PBXFrameworksBuildPhase section */

/* Begin PBXGroup section */
		7A20D6F51C451D9400304B49 = {
			isa = PBXGroup;
			children = (
				7A20D7001C451D9400304B49 /* testMastermind */,
				7A20D6FF1C451D9400304B49 /* Products */,
			);
			sourceTree = "<group>";
		};
		7A20D6FF1C451D9400304B49 /* Products */ = {
			isa = PBXGroup;
			children = (
				7A20D6FE1C451D9400304B49 /* testMastermind.app */,
			);
			name = Products;
			sourceTree = "<group>";
		};
		7A20D7001C451D9400304B49 /* testMastermind */ = {
			isa = PBXGroup;
			children = (
				7A20D7011C451D9400304B49 /* AppDelegate.swift */,
				7A20D7031C451D9400304B49 /* ViewController.swift */,
				7A20D7051C451D9400304B49 /* Main.storyboard */,
				7A20D7081C451D9400304B49 /* Assets.xcassets */,
				7A20D70A1C451D9400304B49 /* LaunchScreen.storyboard */,
				7A20D70D1C451D9400304B49 /* Info.plist */,
			);
			path = testMastermind;
			sourceTree = "<group>";
		};
/* End PBXGroup section */

/* Begin PBXNativeTarget section */
		7A20D6FD1C451D9400304B49 /* testMastermind */ = {
			isa = PBXNativeTarget;
			buildConfigurationList = 7A20D7101C451D9400304B49 /* Build configuration list for PBXNativeTarget "testMastermind" */;
			buildPhases = (
				7A20D6FA1C451D9400304B49 /* Sources */,
				7A20D6FB1C451D9400304B49 /* Frameworks */,
				7A20D6FC1C451D9400304B49 /* Resources */,
			);
			buildRules = (
			);
			dependencies = (
			);
			name = testMastermind;
			productName = testMastermind;
			productReference = 7A20D6FE1C451D9400304B49 /* testMastermind.app */;
			productType = "com.apple.product-type.application";
		};
/* End PBXNativeTarget section */

/* Begin PBXProject section */
		7A20D6F61C451D9400304B49 /* Project object */ = {
			isa = PBXProject;
			attributes = {
				LastSwiftUpdateCheck = 0720;
				LastUpgradeCheck = 0720;
				ORGANIZATIONNAME = ustwo;
				TargetAttributes = {
					7A20D6FD1C451D9400304B49 = {
						CreatedOnToolsVersion = 7.2;
					};
				};
			};
			buildConfigurationList = 7A20D6F91C451D9400304B49 /* Build configuration list for PBXProject "testMastermind" */;
			compatibilityVersion = "Xcode 3.2";
			developmentRegion = English;
			hasScannedForEncodings = 0;
			knownRegions = (
				en,
				Base,
			);
			mainGroup = 7A20D6F51C451D9400304B49;
			productRefGroup = 7A20D6FF1C451D9400304B49 /* Products */;
			projectDirPath = "";
			projectRoot = "";
			targets = (
				7A20D6FD1C451D9400304B49 /* testMastermind */,
			);
		};
/* End PBXProject section */

/* Begin PBXResourcesBuildPhase section */
		7A20D6FC1C451D9400304B49 /* Resources */ = {
			isa = PBXResourcesBuildPhase;
			buildActionMask = 2147483647;
			files = (
				7A20D70C1C451D9400304B49 /* LaunchScreen.storyboard in Resources */,
				7A20D7091C451D9400304B49 /* Assets.xcassets in Resources */,
				7A20D7071C451D9400304B49 /* Main.storyboard in Resources */,
			);
			runOnlyForDeploymentPostprocessing = 0;
		};
/* End PBXResourcesBuildPhase section */

/* Begin PBXSourcesBuildPhase section */
		7A20D6FA1C451D9400304B49 /* Sources */ = {
			isa = PBXSourcesBuildPhase;
			buildActionMask = 2147483647;
			files = (
				7A20D7041C451D9400304B49 /* ViewController.swift in Sources */,
				7A20D7021C451D9400304B49 /* AppDelegate.swift in Sources */,
			);
			runOnlyForDeploymentPostprocessing = 0;
		};
/* End PBXSourcesBuildPhase section */

/* Begin PBXVariantGroup section */
		7A20D7051C451D9400304B49 /* Main.storyboard */ = {
			isa = PBXVariantGroup;
			children = (
				7A20D7061C451D9400304B49 /* Base */,
			);
			name = Main.storyboard;
			sourceTree = "<group>";
		};
		7A20D70A1C451D9400304B49 /* LaunchScreen.storyboard */ = {
			isa = PBXVariantGroup;
			children = (
				7A20D70B1C451D9400304B49 /* Base */,
			);
			name = LaunchScreen.storyboard;
			sourceTree = "<group>";
		};
/* End PBXVariantGroup section */

/* Begin XCBuildConfiguration section */
		7A20D70E1C451D9400304B49 /* Debug */ = {
			isa = XCBuildConfiguration;
			buildSettings = {
				ALWAYS_SEARCH_USER_PATHS = NO;
				CLANG_CXX_LANGUAGE_STANDARD = "gnu++0x";
				CLANG_CXX_LIBRARY = "libc++";
				CLANG_ENABLE_MODULES = YES;
				CLANG_ENABLE_OBJC_ARC = YES;
				CLANG_WARN_BOOL_CONVERSION = YES;
				CLANG_WARN_CONSTANT_CONVERSION = YES;
				CLANG_WARN_DIRECT_OBJC_ISA_USAGE = YES_ERROR;
				CLANG_WARN_EMPTY_BODY = YES;
				CLANG_WARN_ENUM_CONVERSION = YES;
				CLANG_WARN_INT_CONVERSION = YES;
				CLANG_WARN_OBJC_ROOT_CLASS = YES_ERROR;
				CLANG_WARN_UNREACHABLE_CODE = YES;
				CLANG_WARN__DUPLICATE_METHOD_MATCH = YES;
				"CODE_SIGN_IDENTITY[sdk=iphoneos*]" = "iPhone Developer";
				COPY_PHASE_STRIP = NO;
				DEBUG_INFORMATION_FORMAT = dwarf;
				ENABLE_STRICT_OBJC_MSGSEND = YES;
				ENABLE_TESTABILITY = YES;
				GCC_C_LANGUAGE_STANDARD = gnu99;
				GCC_DYNAMIC_NO_PIC = NO;
				GCC_NO_COMMON_BLOCKS = YES;
				GCC_OPTIMIZATION_LEVEL = 0;
				GCC_PREPROCESSOR_DEFINITIONS = (
					"DEBUG=1",
					"$(inherited)",
				);
				GCC_WARN_64_TO_32_BIT_CONVERSION = YES;
				GCC_WARN_ABOUT_RETURN_TYPE = YES_ERROR;
				GCC_WARN_UNDECLARED_SELECTOR = YES;
				GCC_WARN_UNINITIALIZED_AUTOS = YES_AGGRESSIVE;
				GCC_WARN_UNUSED_FUNCTION = YES;
				GCC_WARN_UNUSED_VARIABLE = YES;
				IPHONEOS_DEPLOYMENT_TARGET = 9.2;
				MTL_ENABLE_DEBUG_INFO = YES;
				ONLY_ACTIVE_ARCH = YES;
				SDKROOT = iphoneos;
				SWIFT_OPTIMIZATION_LEVEL = "-Onone";
				TARGETED_DEVICE_FAMILY = "1,2";
			};
			name = Debug;
		};
		7A20D70F1C451D9400304B49 /* Release */ = {
			isa = XCBuildConfiguration;
			buildSettings = {
				ALWAYS_SEARCH_USER_PATHS = NO;
				CLANG_CXX_LANGUAGE_STANDARD = "gnu++0x";
				CLANG_CXX_LIBRARY = "libc++";
				CLANG_ENABLE_MODULES = YES;
				CLANG_ENABLE_OBJC_ARC = YES;
				CLANG_WARN_BOOL_CONVERSION = YES;
				CLANG_WARN_CONSTANT_CONVERSION = YES;
				CLANG_WARN_DIRECT_OBJC_ISA_USAGE = YES_ERROR;
				CLANG_WARN_EMPTY_BODY = YES;
				CLANG_WARN_ENUM_CONVERSION = YES;
				CLANG_WARN_INT_CONVERSION = YES;
				CLANG_WARN_OBJC_ROOT_CLASS = YES_ERROR;
				CLANG_WARN_UNREACHABLE_CODE = YES;
				CLANG_WARN__DUPLICATE_METHOD_MATCH = YES;
				"CODE_SIGN_IDENTITY[sdk=iphoneos*]" = "iPhone Developer";
				COPY_PHASE_STRIP = NO;
				DEBUG_INFORMATION_FORMAT = "dwarf-with-dsym";
				ENABLE_NS_ASSERTIONS = NO;
				ENABLE_STRICT_OBJC_MSGSEND = YES;
				GCC_C_LANGUAGE_STANDARD = gnu99;
				GCC_NO_COMMON_BLOCKS = YES;
				GCC_WARN_64_TO_32_BIT_CONVERSION = YES;
				GCC_WARN_ABOUT_RETURN_TYPE = YES_ERROR;
				GCC_WARN_UNDECLARED_SELECTOR = YES;
				GCC_WARN_UNINITIALIZED_AUTOS = YES_AGGRESSIVE;
				GCC_WARN_UNUSED_FUNCTION = YES;
				GCC_WARN_UNUSED_VARIABLE = YES;
				IPHONEOS_DEPLOYMENT_TARGET = 9.2;
				MTL_ENABLE_DEBUG_INFO = NO;
				SDKROOT = iphoneos;
				TARGETED_DEVICE_FAMILY = "1,2";
				VALIDATE_PRODUCT = YES;
			};
			name = Release;
		};
		7A20D7111C451D9400304B49 /* Debug */ = {
			isa = XCBuildConfiguration;
			buildSettings = {
				ASSETCATALOG_COMPILER_APPICON_NAME = AppIcon;
				INFOPLIST_FILE = testMastermind/Info.plist;
				LD_RUNPATH_SEARCH_PATHS = "$(inherited) @executable_path/Frameworks";
				PRODUCT_BUNDLE_IDENTIFIER = com.ustwo.testMastermind;
				PRODUCT_NAME = "$(TARGET_NAME)";
			};
			name = Debug;
		};
		7A20D7121C451D9400304B49 /* Release */ = {
			isa = XCBuildConfiguration;
			buildSettings = {
				ASSETCATALOG_COMPILER_APPICON_NAME = AppIcon;
				INFOPLIST_FILE = testMastermind/Info.plist;
				LD_RUNPATH_SEARCH_PATHS = "$(inherited) @executable_path/Frameworks";
				PRODUCT_BUNDLE_IDENTIFIER = com.ustwo.testMastermind;
				PRODUCT_NAME = "$(TARGET_NAME)";
			};
			name = Release;
		};
/* End XCBuildConfiguration section */

/* Begin XCConfigurationList section */
		7A20D6F91C451D9400304B49 /* Build configuration list for PBXProject "testMastermind" */ = {
			isa = XCConfigurationList;
			buildConfigurations = (
				7A20D70E1C451D9400304B49 /* Debug */,
				7A20D70F1C451D9400304B49 /* Release */,
			);
			defaultConfigurationIsVisible = 0;
			defaultConfigurationName = Release;
		};
		7A20D7101C451D9400304B49 /* Build configuration list for PBXNativeTarget "testMastermind" */ = {
			isa = XCConfigurationList;
			buildConfigurations = (
				7A20D7111C451D9400304B49 /* Debug */,
				7A20D7121C451D9400304B49 /* Release */,
			);
			defaultConfigurationIsVisible = 0;
		};
/* End XCConfigurationList section */
	};
	rootObject = 7A20D6F61C451D9400304B49 /* Project object */;
}
